
Microsoft Visual Studio Solution File, Format Version 12.00
# Visual Studio Version 16
VisualStudioVersion = 16.0.31321.278
MinimumVisualStudioVersion = 10.0.40219.1
Project("{FAE04EC0-301F-11D3-BF4B-00C04F79EFBC}") = "ALPHACinema", "ALPHACinema\ALPHACinema.csproj", "{8079A122-95CF-4DC5-A197-0187C2DC8E48}"
EndProject
Global
	GlobalSection(SolutionConfigurationPlatforms) = preSolution
		Debug|Any CPU = Debug|Any CPU
		Release|Any CPU = Release|Any CPU
	EndGlobalSection
	GlobalSection(ProjectConfigurationPlatforms) = postSolution
		{8079A122-95CF-4DC5-A197-0187C2DC8E48}.Debug|Any CPU.ActiveCfg = Debug|Any CPU
		{8079A122-95CF-4DC5-A197-0187C2DC8E48}.Debug|Any CPU.Build.0 = Debug|Any CPU
		{8079A122-95CF-4DC5-A197-0187C2DC8E48}.Release|Any CPU.ActiveCfg = Release|Any CPU
		{8079A122-95CF-4DC5-A197-0187C2DC8E48}.Release|Any CPU.Build.0 = Release|Any CPU
	EndGlobalSection
	GlobalSection(SolutionProperties) = preSolution
		HideSolutionNode = FALSE
	EndGlobalSection
	GlobalSection(ExtensibilityGlobals) = postSolution
		SolutionGuid = {645D0FA4-E3F3-45A9-890A-5617F24B2A5E}
	EndGlobalSection
EndGlobal
